
Microsoft Visual Studio Solution File, Format Version 12.00
# Visual Studio Version 17
VisualStudioVersion = 17.3.32825.248
MinimumVisualStudioVersion = 10.0.40219.1
Project("{FAE04EC0-301F-11D3-BF4B-00C04F79EFBC}") = "EmmasEngines", "EmmasEngines\EmmasEngines.csproj", "{FE7B2DF3-AFCB-4170-8C41-D39A1E77086E}"
EndProject
Global
	GlobalSection(SolutionConfigurationPlatforms) = preSolution
		Debug|Any CPU = Debug|Any CPU
		Release|Any CPU = Release|Any CPU
	EndGlobalSection
	GlobalSection(ProjectConfigurationPlatforms) = postSolution
		{FE7B2DF3-AFCB-4170-8C41-D39A1E77086E}.Debug|Any CPU.ActiveCfg = Debug|Any CPU
		{FE7B2DF3-AFCB-4170-8C41-D39A1E77086E}.Debug|Any CPU.Build.0 = Debug|Any CPU
		{FE7B2DF3-AFCB-4170-8C41-D39A1E77086E}.Release|Any CPU.ActiveCfg = Release|Any CPU
		{FE7B2DF3-AFCB-4170-8C41-D39A1E77086E}.Release|Any CPU.Build.0 = Release|Any CPU
	EndGlobalSection
	GlobalSection(SolutionProperties) = preSolution
		HideSolutionNode = FALSE
	EndGlobalSection
	GlobalSection(ExtensibilityGlobals) = postSolution
		SolutionGuid = {D1B22BA4-874C-42C0-A063-B08205D1E457}
	EndGlobalSection
EndGlobal
